// !$*UTF8*$!
{
	archiveVersion = 1;
	classes = {
	};
	objectVersion = 46;
	objects = {

/* Begin PBXBuildFile section */
		A058FB941E494334008E263C /* AppDelegate.swift in Sources */ = {isa = PBXBuildFile; fileRef = A058FB931E494334008E263C /* AppDelegate.swift */; };
		A058FB961E494334008E263C /* ViewController.swift in Sources */ = {isa = PBXBuildFile; fileRef = A058FB951E494334008E263C /* ViewController.swift */; };
		A058FB991E494334008E263C /* Main.storyboard in Resources */ = {isa = PBXBuildFile; fileRef = A058FB971E494334008E263C /* Main.storyboard */; };
		A058FB9B1E494334008E263C /* Assets.xcassets in Resources */ = {isa = PBXBuildFile; fileRef = A058FB9A1E494334008E263C /* Assets.xcassets */; };
		A058FB9E1E494334008E263C /* LaunchScreen.storyboard in Resources */ = {isa = PBXBuildFile; fileRef = A058FB9C1E494334008E263C /* LaunchScreen.storyboard */; };
/* End PBXBuildFile section */

/* Begin PBXFileReference section */
		A058FB901E494334008E263C /* manny chat.app */ = {isa = PBXFileReference; explicitFileType = wrapper.application; includeInIndex = 0; path = "manny chat.app"; sourceTree = BUILT_PRODUCTS_DIR; };
		A058FB931E494334008E263C /* AppDelegate.swift */ = {isa = PBXFileReference; lastKnownFileType = sourcecode.swift; path = AppDelegate.swift; sourceTree = "<group>"; };
		A058FB951E494334008E263C /* ViewController.swift */ = {isa = PBXFileReference; lastKnownFileType = sourcecode.swift; path = ViewController.swift; sourceTree = "<group>"; };
		A058FB981E494334008E263C /* Base */ = {isa = PBXFileReference; lastKnownFileType = file.storyboard; name = Base; path = Base.lproj/Main.storyboard; sourceTree = "<group>"; };
		A058FB9A1E494334008E263C /* Assets.xcassets */ = {isa = PBXFileReference; lastKnownFileType = folder.assetcatalog; path = Assets.xcassets; sourceTree = "<group>"; };
		A058FB9D1E494334008E263C /* Base */ = {isa = PBXFileReference; lastKnownFileType = file.storyboard; name = Base; path = Base.lproj/LaunchScreen.storyboard; sourceTree = "<group>"; };
		A058FB9F1E494334008E263C /* Info.plist */ = {isa = PBXFileReference; lastKnownFileType = text.plist.xml; path = Info.plist; sourceTree = "<group>"; };
/* End PBXFileReference section */

/* Begin PBXFrameworksBuildPhase section */
		A058FB8D1E494334008E263C /* Frameworks */ = {
			isa = PBXFrameworksBuildPhase;
			buildActionMask = 2147483647;
			files = (
			);
			runOnlyForDeploymentPostprocessing = 0;
		};
/* End PBXFrameworksBuildPhase section */

/* Begin PBXGroup section */
		A058FB871E494334008E263C = {
			isa = PBXGroup;
			children = (
				A058FB921E494334008E263C /* manny chat */,
				A058FB911E494334008E263C /* Products */,
			);
			sourceTree = "<group>";
		};
		A058FB911E494334008E263C /* Products */ = {
			isa = PBXGroup;
			children = (
				A058FB901E494334008E263C /* manny chat.app */,
			);
			name = Products;
			sourceTree = "<group>";
		};
		A058FB921E494334008E263C /* manny chat */ = {
			isa = PBXGroup;
			children = (
				A058FB931E494334008E263C /* AppDelegate.swift */,
				A058FB951E494334008E263C /* ViewController.swift */,
				A058FB971E494334008E263C /* Main.storyboard */,
				A058FB9A1E494334008E263C /* Assets.xcassets */,
				A058FB9C1E494334008E263C /* LaunchScreen.storyboard */,
				A058FB9F1E494334008E263C /* Info.plist */,
			);
			path = "manny chat";
			sourceTree = "<group>";
		};
/* End PBXGroup section */

/* Begin PBXNativeTarget section */
		A058FB8F1E494334008E263C /* manny chat */ = {
			isa = PBXNativeTarget;
			buildConfigurationList = A058FBA21E494334008E263C /* Build configuration list for PBXNativeTarget "manny chat" */;
			buildPhases = (
				A058FB8C1E494334008E263C /* Sources */,
				A058FB8D1E494334008E263C /* Frameworks */,
				A058FB8E1E494334008E263C /* Resources */,
			);
			buildRules = (
			);
			dependencies = (
			);
			name = "manny chat";
			productName = "manny chat";
			productReference = A058FB901E494334008E263C /* manny chat.app */;
			productType = "com.apple.product-type.application";
		};
/* End PBXNativeTarget section */

/* Begin PBXProject section */
		A058FB881E494334008E263C /* Project object */ = {
			isa = PBXProject;
			attributes = {
				LastSwiftUpdateCheck = 0820;
				LastUpgradeCheck = 0820;
				ORGANIZATIONNAME = "Emmanuel Erilibe";
				TargetAttributes = {
					A058FB8F1E494334008E263C = {
						CreatedOnToolsVersion = 8.2.1;
						DevelopmentTeam = S45Z8F64BM;
						ProvisioningStyle = Automatic;
					};
				};
			};
			buildConfigurationList = A058FB8B1E494334008E263C /* Build configuration list for PBXProject "manny chat" */;
			compatibilityVersion = "Xcode 3.2";
			developmentRegion = English;
			hasScannedForEncodings = 0;
			knownRegions = (
				en,
				Base,
			);
			mainGroup = A058FB871E494334008E263C;
			productRefGroup = A058FB911E494334008E263C /* Products */;
			projectDirPath = "";
			projectRoot = "";
			targets = (
				A058FB8F1E494334008E263C /* manny chat */,
			);
		};
/* End PBXProject section */

/* Begin PBXResourcesBuildPhase section */
		A058FB8E1E494334008E263C /* Resources */ = {
			isa = PBXResourcesBuildPhase;
			buildActionMask = 2147483647;
			files = (
				A058FB9E1E494334008E263C /* LaunchScreen.storyboard in Resources */,
				A058FB9B1E494334008E263C /* Assets.xcassets in Resources */,
				A058FB991E494334008E263C /* Main.storyboard in Resources */,
			);
			runOnlyForDeploymentPostprocessing = 0;
		};
/* End PBXResourcesBuildPhase section */

/* Begin PBXSourcesBuildPhase section */
		A058FB8C1E494334008E263C /* Sources */ = {
			isa = PBXSourcesBuildPhase;
			buildActionMask = 2147483647;
			files = (
				A058FB961E494334008E263C /* ViewController.swift in Sources */,
				A058FB941E494334008E263C /* AppDelegate.swift in Sources */,
			);
			runOnlyForDeploymentPostprocessing = 0;
		};
/* End PBXSourcesBuildPhase section */

/* Begin PBXVariantGroup section */
		A058FB971E494334008E263C /* Main.storyboard */ = {
			isa = PBXVariantGroup;
			children = (
				A058FB981E494334008E263C /* Base */,
			);
			name = Main.storyboard;
			sourceTree = "<group>";
		};
		A058FB9C1E494334008E263C /* LaunchScreen.storyboard */ = {
			isa = PBXVariantGroup;
			children = (
				A058FB9D1E494334008E263C /* Base */,
			);
			name = LaunchScreen.storyboard;
			sourceTree = "<group>";
		};
/* End PBXVariantGroup section */

/* Begin XCBuildConfiguration section */
		A058FBA01E494334008E263C /* Debug */ = {
			isa = XCBuildConfiguration;
			buildSettings = {
				ALWAYS_SEARCH_USER_PATHS = NO;
				CLANG_ANALYZER_NONNULL = YES;
				CLANG_CXX_LANGUAGE_STANDARD = "gnu++0x";
				CLANG_CXX_LIBRARY = "libc++";
				CLANG_ENABLE_MODULES = YES;
				CLANG_ENABLE_OBJC_ARC = YES;
				CLANG_WARN_BOOL_CONVERSION = YES;
				CLANG_WARN_CONSTANT_CONVERSION = YES;
				CLANG_WARN_DIRECT_OBJC_ISA_USAGE = YES_ERROR;
				CLANG_WARN_DOCUMENTATION_COMMENTS = YES;
				CLANG_WARN_EMPTY_BODY = YES;
				CLANG_WARN_ENUM_CONVERSION = YES;
				CLANG_WARN_INFINITE_RECURSION = YES;
				CLANG_WARN_INT_CONVERSION = YES;
				CLANG_WARN_OBJC_ROOT_CLASS = YES_ERROR;
				CLANG_WARN_SUSPICIOUS_MOVE = YES;
				CLANG_WARN_UNREACHABLE_CODE = YES;
				CLANG_WARN__DUPLICATE_METHOD_MATCH = YES;
				"CODE_SIGN_IDENTITY[sdk=iphoneos*]" = "iPhone Developer";
				COPY_PHASE_STRIP = NO;
				DEBUG_INFORMATION_FORMAT = dwarf;
				ENABLE_STRICT_OBJC_MSGSEND = YES;
				ENABLE_TESTABILITY = YES;
				GCC_C_LANGUAGE_STANDARD = gnu99;
				GCC_DYNAMIC_NO_PIC = NO;
				GCC_NO_COMMON_BLOCKS = YES;
				GCC_OPTIMIZATION_LEVEL = 0;
				GCC_PREPROCESSOR_DEFINITIONS = (
					"DEBUG=1",
					"$(inherited)",
				);
				GCC_WARN_64_TO_32_BIT_CONVERSION = YES;
				GCC_WARN_ABOUT_RETURN_TYPE = YES_ERROR;
				GCC_WARN_UNDECLARED_SELECTOR = YES;
				GCC_WARN_UNINITIALIZED_AUTOS = YES_AGGRESSIVE;
				GCC_WARN_UNUSED_FUNCTION = YES;
				GCC_WARN_UNUSED_VARIABLE = YES;
				IPHONEOS_DEPLOYMENT_TARGET = 10.2;
				MTL_ENABLE_DEBUG_INFO = YES;
				ONLY_ACTIVE_ARCH = YES;
				SDKROOT = iphoneos;
				SWIFT_ACTIVE_COMPILATION_CONDITIONS = DEBUG;
				SWIFT_OPTIMIZATION_LEVEL = "-Onone";
				TARGETED_DEVICE_FAMILY = "1,2";
			};
			name = Debug;
		};
		A058FBA11E494334008E263C /* Release */ = {
			isa = XCBuildConfiguration;
			buildSettings = {
				ALWAYS_SEARCH_USER_PATHS = NO;
				CLANG_ANALYZER_NONNULL = YES;
				CLANG_CXX_LANGUAGE_STANDARD = "gnu++0x";
				CLANG_CXX_LIBRARY = "libc++";
				CLANG_ENABLE_MODULES = YES;
				CLANG_ENABLE_OBJC_ARC = YES;
				CLANG_WARN_BOOL_CONVERSION = YES;
				CLANG_WARN_CONSTANT_CONVERSION = YES;
				CLANG_WARN_DIRECT_OBJC_ISA_USAGE = YES_ERROR;
				CLANG_WARN_DOCUMENTATION_COMMENTS = YES;
				CLANG_WARN_EMPTY_BODY = YES;
				CLANG_WARN_ENUM_CONVERSION = YES;
				CLANG_WARN_INFINITE_RECURSION = YES;
				CLANG_WARN_INT_CONVERSION = YES;
				CLANG_WARN_OBJC_ROOT_CLASS = YES_ERROR;
				CLANG_WARN_SUSPICIOUS_MOVE = YES;
				CLANG_WARN_UNREACHABLE_CODE = YES;
				CLANG_WARN__DUPLICATE_METHOD_MATCH = YES;
				"CODE_SIGN_IDENTITY[sdk=iphoneos*]" = "iPhone Developer";
				COPY_PHASE_STRIP = NO;
				DEBUG_INFORMATION_FORMAT = "dwarf-with-dsym";
				ENABLE_NS_ASSERTIONS = NO;
				ENABLE_STRICT_OBJC_MSGSEND = YES;
				GCC_C_LANGUAGE_STANDARD = gnu99;
				GCC_NO_COMMON_BLOCKS = YES;
				GCC_WARN_64_TO_32_BIT_CONVERSION = YES;
				GCC_WARN_ABOUT_RETURN_TYPE = YES_ERROR;
				GCC_WARN_UNDECLARED_SELECTOR = YES;
				GCC_WARN_UNINITIALIZED_AUTOS = YES_AGGRESSIVE;
				GCC_WARN_UNUSED_FUNCTION = YES;
				GCC_WARN_UNUSED_VARIABLE = YES;
				IPHONEOS_DEPLOYMENT_TARGET = 10.2;
				MTL_ENABLE_DEBUG_INFO = NO;
				SDKROOT = iphoneos;
				SWIFT_OPTIMIZATION_LEVEL = "-Owholemodule";
				TARGETED_DEVICE_FAMILY = "1,2";
				VALIDATE_PRODUCT = YES;
			};
			name = Release;
		};
		A058FBA31E494334008E263C /* Debug */ = {
			isa = XCBuildConfiguration;
			buildSettings = {
				ASSETCATALOG_COMPILER_APPICON_NAME = AppIcon;
				DEVELOPMENT_TEAM = S45Z8F64BM;
				INFOPLIST_FILE = "manny chat/Info.plist";
				LD_RUNPATH_SEARCH_PATHS = "$(inherited) @executable_path/Frameworks";
				PRODUCT_BUNDLE_IDENTIFIER = "com.sledgenail.manny-chat";
				PRODUCT_NAME = "$(TARGET_NAME)";
				SWIFT_VERSION = 3.0;
			};
			name = Debug;
		};
		A058FBA41E494334008E263C /* Release */ = {
			isa = XCBuildConfiguration;
			buildSettings = {
				ASSETCATALOG_COMPILER_APPICON_NAME = AppIcon;
				DEVELOPMENT_TEAM = S45Z8F64BM;
				INFOPLIST_FILE = "manny chat/Info.plist";
				LD_RUNPATH_SEARCH_PATHS = "$(inherited) @executable_path/Frameworks";
				PRODUCT_BUNDLE_IDENTIFIER = "com.sledgenail.manny-chat";
				PRODUCT_NAME = "$(TARGET_NAME)";
				SWIFT_VERSION = 3.0;
			};
			name = Release;
		};
/* End XCBuildConfiguration section */

/* Begin XCConfigurationList section */
		A058FB8B1E494334008E263C /* Build configuration list for PBXProject "manny chat" */ = {
			isa = XCConfigurationList;
			buildConfigurations = (
				A058FBA01E494334008E263C /* Debug */,
				A058FBA11E494334008E263C /* Release */,
			);
			defaultConfigurationIsVisible = 0;
			defaultConfigurationName = Release;
		};
		A058FBA21E494334008E263C /* Build configuration list for PBXNativeTarget "manny chat" */ = {
			isa = XCConfigurationList;
			buildConfigurations = (
				A058FBA31E494334008E263C /* Debug */,
				A058FBA41E494334008E263C /* Release */,
			);
			defaultConfigurationIsVisible = 0;
		};
/* End XCConfigurationList section */
	};
	rootObject = A058FB881E494334008E263C /* Project object */;
}
